
Microsoft Visual Studio Solution File, Format Version 12.00
# Visual Studio 15
VisualStudioVersion = 15.0.27130.2027
MinimumVisualStudioVersion = 10.0.40219.1
Project("{FAE04EC0-301F-11D3-BF4B-00C04F79EFBC}") = "ConsoleApp1", "ConsoleApp1\ConsoleApp1.csproj", "{DCE64327-CBCB-40A6-BC92-971806CB333D}"
EndProject
Global
	GlobalSection(SolutionConfigurationPlatforms) = preSolution
		Debug|Any CPU = Debug|Any CPU
		Release|Any CPU = Release|Any CPU
	EndGlobalSection
	GlobalSection(ProjectConfigurationPlatforms) = postSolution
		{DCE64327-CBCB-40A6-BC92-971806CB333D}.Debug|Any CPU.ActiveCfg = Debug|Any CPU
		{DCE64327-CBCB-40A6-BC92-971806CB333D}.Debug|Any CPU.Build.0 = Debug|Any CPU
		{DCE64327-CBCB-40A6-BC92-971806CB333D}.Release|Any CPU.ActiveCfg = Release|Any CPU
		{DCE64327-CBCB-40A6-BC92-971806CB333D}.Release|Any CPU.Build.0 = Release|Any CPU
	EndGlobalSection
	GlobalSection(SolutionProperties) = preSolution
		HideSolutionNode = FALSE
	EndGlobalSection
	GlobalSection(ExtensibilityGlobals) = postSolution
		SolutionGuid = {754D5955-184A-435B-BB27-0C4F6E86772E}
	EndGlobalSection
EndGlobal
